
Microsoft Visual Studio Solution File, Format Version 12.00
# Visual Studio Version 17
VisualStudioVersion = 17.4.33122.133
MinimumVisualStudioVersion = 10.0.40219.1
Project("{FAE04EC0-301F-11D3-BF4B-00C04F79EFBC}") = "17.12.2022_Ödev_ Burçlar", "17.12.2022_Ödev_ Burçlar\17.12.2022_Ödev_ Burçlar.csproj", "{1A895B0A-9333-49F0-B181-ABE45F6F5E1D}"
EndProject
Global
	GlobalSection(SolutionConfigurationPlatforms) = preSolution
		Debug|Any CPU = Debug|Any CPU
		Release|Any CPU = Release|Any CPU
	EndGlobalSection
	GlobalSection(ProjectConfigurationPlatforms) = postSolution
		{1A895B0A-9333-49F0-B181-ABE45F6F5E1D}.Debug|Any CPU.ActiveCfg = Debug|Any CPU
		{1A895B0A-9333-49F0-B181-ABE45F6F5E1D}.Debug|Any CPU.Build.0 = Debug|Any CPU
		{1A895B0A-9333-49F0-B181-ABE45F6F5E1D}.Release|Any CPU.ActiveCfg = Release|Any CPU
		{1A895B0A-9333-49F0-B181-ABE45F6F5E1D}.Release|Any CPU.Build.0 = Release|Any CPU
	EndGlobalSection
	GlobalSection(SolutionProperties) = preSolution
		HideSolutionNode = FALSE
	EndGlobalSection
	GlobalSection(ExtensibilityGlobals) = postSolution
		SolutionGuid = {F551EF79-25BC-45F8-82C0-9616096BA8C7}
	EndGlobalSection
EndGlobal
